{
  "name": "coach-gpt",
  "version": "1.0.0",
  "lockfileVersion": 3,
  "requires": true,
  "packages": {
    "": {
      "name": "coach-gpt",
      "version": "1.0.0",
      "dependencies": {
        "sst": "^4.0.7"
      },
      "devDependencies": {
        "typescript": "^5.7.3"
      }
    },
    "node_modules/aws4fetch": {
      "version": "1.0.18",
      "resolved": "https://registry.npmjs.org/aws4fetch/-/aws4fetch-1.0.18.tgz",
      "integrity": "sha512-3Cf+YaUl07p24MoQ46rFwulAmiyCwH2+1zw1ZyPAX5OtJ34Hh185DwB8y/qRLb6cYYYtSFJ9pthyLc0MD4e8sQ==",
      "license": "MIT"
    },
    "node_modules/jose": {
      "version": "5.2.3",
      "resolved": "https://registry.npmjs.org/jose/-/jose-5.2.3.tgz",
      "integrity": "sha512-KUXdbctm1uHVL8BYhnyHkgp3zDX5KW8ZhAKVFEfUbU2P8Alpzjb+48hHvjOdQIyPshoblhzsuqOwEEAbtHVirA==",
      "license": "MIT",
      "funding": {
        "url": "https://github.com/sponsors/panva"
      }
    },
    "node_modules/lru-cache": {
      "version": "6.0.0",
      "resolved": "https://registry.npmjs.org/lru-cache/-/lru-cache-6.0.0.tgz",
      "integrity": "sha512-Jo6dJ04CmSjuznwJSS3pUeWmd/H0ffTlkXXgwZi+eq1UCmqQwCh+eLsYOYCwY991i2Fah4h1BEMCx4qThGbsiA==",
      "license": "ISC",
      "dependencies": {
        "yallist": "^4.0.0"
      },
      "engines": {
        "node": ">=10"
      }
    },
    "node_modules/object-hash": {
      "version": "2.2.0",
      "resolved": "https://registry.npmjs.org/object-hash/-/object-hash-2.2.0.tgz",
      "integrity": "sha512-gScRMn0bS5fH+IuwyIFgnh9zBdo4DV+6GhygmWM9HyNJSgS0hScp1f5vjtm7oIIOiT9trXrShAkLFSc2IqKNgw==",
      "license": "MIT",
      "engines": {
        "node": ">= 6"
      }
    },
    "node_modules/oidc-token-hash": {
      "version": "5.2.0",
      "resolved": "https://registry.npmjs.org/oidc-token-hash/-/oidc-token-hash-5.2.0.tgz",
      "integrity": "sha512-6gj2m8cJZ+iSW8bm0FXdGF0YhIQbKrfP4yWTNzxc31U6MOjfEmB1rHvlYvxI1B7t7BCi1F2vYTT6YhtQRG4hxw==",
      "license": "MIT",
      "engines": {
        "node": "^10.13.0 || >=12.0.0"
      }
    },
    "node_modules/openid-client": {
      "version": "5.6.4",
      "resolved": "https://registry.npmjs.org/openid-client/-/openid-client-5.6.4.tgz",
      "integrity": "sha512-T1h3B10BRPKfcObdBklX639tVz+xh34O7GjofqrqiAQdm7eHsQ00ih18x6wuJ/E6FxdtS2u3FmUGPDeEcMwzNA==",
      "license": "MIT",
      "dependencies": {
        "jose": "^4.15.4",
        "lru-cache": "^6.0.0",
        "object-hash": "^2.2.0",
        "oidc-token-hash": "^5.0.3"
      },
      "funding": {
        "url": "https://github.com/sponsors/panva"
      }
    },
    "node_modules/openid-client/node_modules/jose": {
      "version": "4.15.9",
      "resolved": "https://registry.npmjs.org/jose/-/jose-4.15.9.tgz",
      "integrity": "sha512-1vUQX+IdDMVPj4k8kOxgUqlcK518yluMuGZwqlr44FS1ppZB/5GWh4rZG89erpOBOJjU/OBsnCVFfapsRz6nEA==",
      "license": "MIT",
      "funding": {
        "url": "https://github.com/sponsors/panva"
      }
    },
    "node_modules/sst": {
      "version": "4.0.7",
      "resolved": "https://registry.npmjs.org/sst/-/sst-4.0.7.tgz",
      "integrity": "sha512-H4j9/mL6UKYKCfe5gwBIHR61za4J80ieW4DNEb/pTtbG/z+Gdx+lmdS9TxZX6ynl+t96LKRoBAsirufRoLK48A==",
      "license": "MIT",
      "dependencies": {
        "aws4fetch": "1.0.18",
        "jose": "5.2.3",
        "openid-client": "5.6.4"
      },
      "bin": {
        "sst": "bin/sst.mjs"
      },
      "optionalDependencies": {
        "sst-darwin-arm64": "4.0.7",
        "sst-darwin-x64": "4.0.7",
        "sst-linux-arm64": "4.0.7",
        "sst-linux-x64": "4.0.7",
        "sst-linux-x86": "4.0.7",
        "sst-win32-arm64": "4.0.7",
        "sst-win32-x64": "4.0.7",
        "sst-win32-x86": "4.0.7"
      }
    },
    "node_modules/sst-darwin-arm64": {
      "version": "4.0.7",
      "resolved": "https://registry.npmjs.org/sst-darwin-arm64/-/sst-darwin-arm64-4.0.7.tgz",
      "integrity": "sha512-e9qDBioYtjptmptBE4ElSCjESD4L+pHsioJYZRWPXI+jUiNQI31yTIDckVre32OoaesDaQ4OJMHIZTI6TKk/hQ==",
      "cpu": [
        "arm64"
      ],
      "license": "MIT",
      "optional": true,
      "os": [
        "darwin"
      ]
    },
    "node_modules/sst-darwin-x64": {
      "version": "4.0.7",
      "resolved": "https://registry.npmjs.org/sst-darwin-x64/-/sst-darwin-x64-4.0.7.tgz",
      "integrity": "sha512-8Bq6h7/pvmSP929HfmtK3A6i5CdcO9nNcs9PjmgnGUOv2WWonaQX1qjjXYvxKV4VcF7u6HzIe0IAHbVCrTsnRw==",
      "cpu": [
        "x64"
      ],
      "license": "MIT",
      "optional": true,
      "os": [
        "darwin"
      ]
    },
    "node_modules/sst-linux-arm64": {
      "version": "4.0.7",
      "resolved": "https://registry.npmjs.org/sst-linux-arm64/-/sst-linux-arm64-4.0.7.tgz",
      "integrity": "sha512-4scdRnsQRKzHotbCiGViTelGTgpoTeE/7jPeUyMAQlpNygt6hSYKGJdAIveqRZMkKqZAIc4TWdttOS6M5Xl2ew==",
      "cpu": [
        "arm64"
      ],
      "license": "MIT",
      "optional": true,
      "os": [
        "linux"
      ]
    },
    "node_modules/sst-linux-x64": {
      "version": "4.0.7",
      "resolved": "https://registry.npmjs.org/sst-linux-x64/-/sst-linux-x64-4.0.7.tgz",
      "integrity": "sha512-yqpjJ+Bgj8rsU14NjkvbBYDzHSHdVTRmfsxDDOxEVQf0VgucdjG68Qfc0rfWRoHaiPnZu22bYrH4TFvP4tsnxQ==",
      "cpu": [
        "x64"
      ],
      "license": "MIT",
      "optional": true,
      "os": [
        "linux"
      ]
    },
    "node_modules/sst-linux-x86": {
      "version": "4.0.7",
      "resolved": "https://registry.npmjs.org/sst-linux-x86/-/sst-linux-x86-4.0.7.tgz",
      "integrity": "sha512-C7w3+UV5Uq7pfRd6dsn2wPkEgRgFKOgfziaIhhFjNlidBy4qiGi25bAnjIYmwMi1IL/gbEBZdUkbdSDgBiZ7gQ==",
      "cpu": [
        "x86"
      ],
      "license": "MIT",
      "optional": true,
      "os": [
        "linux"
      ]
    },
    "node_modules/sst-win32-arm64": {
      "version": "4.0.7",
      "resolved": "https://registry.npmjs.org/sst-win32-arm64/-/sst-win32-arm64-4.0.7.tgz",
      "integrity": "sha512-6Oh40RnsViPs8+7Ho9mKD1Hr60yufDaX8sI358A+C8Q4eJ3FMmTZNmj+a1VRhUDaqSjFc+/wLn8eWq2vDCJkww==",
      "cpu": [
        "arm64"
      ],
      "license": "MIT",
      "optional": true,
      "os": [
        "win32"
      ]
    },
    "node_modules/sst-win32-x64": {
      "version": "4.0.7",
      "resolved": "https://registry.npmjs.org/sst-win32-x64/-/sst-win32-x64-4.0.7.tgz",
      "integrity": "sha512-zqaKD7ybzljqskQ7BvwbkEornRQo+8vAdjxLwnXO7mxt65Y3Tab83AknkJVkMcu1aYsJjI6SuZWa9YClw/i+5A==",
      "cpu": [
        "x64"
      ],
      "license": "MIT",
      "optional": true,
      "os": [
        "win32"
      ]
    },
    "node_modules/sst-win32-x86": {
      "version": "4.0.7",
      "resolved": "https://registry.npmjs.org/sst-win32-x86/-/sst-win32-x86-4.0.7.tgz",
      "integrity": "sha512-0SmxvsBADVd2/AupobezRulgNHjqJjU1QciqJ5NHMBaRdQV9swKpBcVJ3+HB4domv3Z+uF6L2trQcpC/dSUSkQ==",
      "cpu": [
        "x86"
      ],
      "license": "MIT",
      "optional": true,
      "os": [
        "win32"
      ]
    },
    "node_modules/typescript": {
      "version": "5.9.3",
      "resolved": "https://registry.npmjs.org/typescript/-/typescript-5.9.3.tgz",
      "integrity": "sha512-jl1vZzPDinLr9eUt3J/t7V6FgNEw9QjvBPdysz9KfQDD41fQrC2Y4vKQdiaUpFT4bXlb1RHhLpp8wtm6M5TgSw==",
      "dev": true,
      "license": "Apache-2.0",
      "bin": {
        "tsc": "bin/tsc",
        "tsserver": "bin/tsserver"
      },
      "engines": {
        "node": ">=14.17"
      }
    },
    "node_modules/yallist": {
      "version": "4.0.0",
      "resolved": "https://registry.npmjs.org/yallist/-/yallist-4.0.0.tgz",
      "integrity": "sha512-3wdGidZyq5PB084XLES5TpOSRA3wjXAlIWMhum2kRcv/41Sn2emQ0dycQW4uZXLejwKvg6EsvbdlVL+FYEct7A==",
      "license": "ISC"
    }
  }
}
